#MicroXplorer Configuration settings - do not modify
Mcu.Family=STM32F0
ProjectManager.MainLocation=Core/Src
RCC.MCOFreq_Value=48000000
PA6.Mode=Full_Duplex_Slave
RCC.USART1Freq_Value=48000000
I2C1.I2C_Speed_Mode=I2C_Standard
ProjectManager.KeepUserCode=true
Mcu.UserName=STM32F031K6Tx
SPI1.VirtualType=VM_SLAVE
I2C1.GeneralCallMode=I2C_GENERALCALL_DISABLE
RCC.PLLCLKFreq_Value=48000000
VP_IWDG_VS_IWDG.Mode=IWDG_Activate
PA0.GPIO_Label=MON_3V3
ProjectManager.functionlistsort=1-MX_GPIO_Init-GPIO-false-HAL-true,2-SystemClock_Config-RCC-false-HAL-false,3-MX_ADC_Init-ADC-false-HAL-true,4-MX_I2C1_Init-I2C1-false-HAL-true,5-MX_USART1_UART_Init-USART1-false-HAL-true,6-MX_WWDG_Init-WWDG-false-HAL-true,7-MX_TIM2_Init-TIM2-false-HAL-true,8-MX_IWDG_Init-IWDG-false-HAL-true,9-MX_SPI1_Init-SPI1-false-HAL-true
PA11.Mode=CTS_RTS
PA3.GPIOParameters=GPIO_Label
PB0.GPIO_Label=BUTTON_RST
NVIC.SVC_IRQn=true\:0\:0\:false\:false\:true\:false\:false
USART1.IPParameters=VirtualMode-Asynchronous
PA2.GPIOParameters=GPIO_Label
PinOutPanel.RotationAngle=0
RCC.SYSCLKSource=RCC_SYSCLKSOURCE_PLLCLK
ProjectManager.StackSize=0x400
PB5.GPIOParameters=PinState,GPIO_Label,GPIO_ModeDefaultOutputPP
Mcu.IP4=RCC
RCC.FCLKCortexFreq_Value=48000000
Mcu.IP5=SPI1
I2C1.IPParameters=Timing,I2C_Speed_Mode,GeneralCallMode
Mcu.IP2=IWDG
Mcu.IP3=NVIC
PA15.GPIO_Label=PS2_CLK0
PB4.GPIOParameters=GPIO_Label
Mcu.IP0=ADC
Mcu.IP1=I2C1
PA12.Signal=USART1_RTS
SH.GPXTI3.ConfNb=1
Mcu.UserConstants=
VP_ADC_Vref_Input.Signal=ADC_Vref_Input
PA4.Mode=NSS_Signal_Hard_Input
Mcu.ThirdPartyNb=0
SPI1.Direction=SPI_DIRECTION_2LINES
RCC.HCLKFreq_Value=48000000
Mcu.IPNb=10
TIM2.IPParameters=Channel-PWM Generation3 CH3,Channel-PWM Generation4 CH4
ProjectManager.PreviousToolchain=
PB6.Signal=I2C1_SCL
PB5.PinState=GPIO_PIN_SET
PB6.Mode=I2C
PA8.GPIOParameters=GPIO_Label
Mcu.Pin6=PA4
Mcu.Pin7=PA5
Mcu.Pin8=PA6
Mcu.Pin9=PA7
RCC.AHBFreq_Value=48000000
Mcu.Pin0=PF0-OSC_IN
Mcu.Pin1=PF1-OSC_OUT
GPIO.groupedBy=Group By Peripherals
Mcu.Pin2=PA0
Mcu.Pin3=PA1
Mcu.Pin4=PA2
Mcu.Pin5=PA3
ProjectManager.ProjectBuild=false
PF0-OSC_IN.GPIO_Label=BUTTON_PWR
NVIC.SysTick_IRQn=true\:0\:0\:false\:false\:true\:false\:true
RCC.PLLMUL=RCC_PLL_MUL12
ProjectManager.FirmwarePackage=STM32Cube FW_F0 V1.11.2
MxDb.Version=DB.6.0.10
PB0.GPIOParameters=GPIO_Label
PA1.GPIOParameters=GPIO_Label
ProjectManager.BackupPrevious=false
PA14.Mode=Serial_Wire
VP_SYS_VS_tim1.Mode=TIM1
PB1.GPIO_Label=DC_ON
File.Version=6
PA0.Mode=IN0
PB3.GPIOParameters=GPIO_Label
PB7.Signal=I2C1_SDA
PA8.Signal=GPIO_Output
SPI1.VirtualNSS=VM_NSSHARD
NVIC.PendSV_IRQn=true\:0\:0\:false\:false\:true\:false\:false
ProjectManager.HalAssertFull=false
ProjectManager.ProjectName=STM32 Board Management Controller
PA0.Signal=ADC_IN0
RCC.PLLMCOFreq_Value=48000000
Mcu.Package=LQFP32
PB1.Signal=GPIO_Output
PA6.Signal=SPI1_MISO
NVIC.TimeBase=TIM1_BRK_UP_TRG_COM_IRQn
ProjectManager.ToolChainLocation=
PA2.GPIO_Label=LED0
NVIC.TimeBaseIP=TIM1
PA10.Signal=USART1_RX
PA15.Signal=GPXTI15
PB5.GPIO_Label=PS2_DAT1
RCC.APB1TimFreq_Value=48000000
SH.S_TIM2_CH4.ConfNb=1
ProjectManager.CustomerFirmwarePackage=
PF1-OSC_OUT.Signal=GPIO_Output
PB3.Locked=true
PB4.Signal=GPIO_Input
PA3.Signal=S_TIM2_CH4
VP_WWDG_VS_WWDG.Signal=WWDG_VS_WWDG
PA5.Mode=Full_Duplex_Slave
PB3.GPIO_Label=PS2_CLK1
PB5.GPIO_ModeDefaultOutputPP=GPIO_MODE_OUTPUT_OD
RCC.I2SFreq_Value=48000000
ProjectManager.ProjectFileName=STM32 Board Management Controller.ioc
TIM2.Channel-PWM\ Generation4\ CH4=TIM_CHANNEL_4
PA7.Mode=Full_Duplex_Slave
Mcu.PinsNb=31
PA15.GPIOParameters=GPIO_Label
PA10.Mode=Asynchronous
ProjectManager.NoMain=false
SPI1.IPParameters=VirtualType,Mode,Direction,VirtualNSS
VP_ADC_TempSens_Input.Mode=IN-TempSens
VP_ADC_Vref_Input.Mode=IN-Vrefint
ProjectManager.DefaultFWLocation=true
ProjectManager.DeletePrevious=true
RCC.FamilyName=M
USART1.VirtualMode-Asynchronous=VM_ASYNC
PA13.Signal=SYS_SWDIO
PA15.Locked=true
PA9.Mode=Asynchronous
PA8.GPIO_Label=HOST_NIRQ
ProjectManager.TargetToolchain=Makefile
PA9.Signal=USART1_TX
I2C1.Timing=0x20303E5D
PB5.Locked=true
ProjectManager.RegisterCallBack=
PF1-OSC_OUT.GPIOParameters=GPIO_Label
PA1.Signal=ADC_IN1
PA5.Signal=SPI1_SCK
board=custom
SH.GPXTI3.0=GPIO_EXTI3
ProjectManager.LastFirmware=true
PA1.Mode=IN1
MxCube.Version=6.1.2
PB4.GPIO_Label=PS2_DAT0
RCC.I2C1Freq_Value=48000000
SH.S_TIM2_CH3.0=TIM2_CH3,PWM Generation3 CH3
VP_SYS_VS_tim1.Signal=SYS_VS_tim1
SPI1.Mode=SPI_MODE_SLAVE
Mcu.Pin30=VP_WWDG_VS_WWDG
PF1-OSC_OUT.GPIO_Label=HOST_RST
PA1.GPIO_Label=MON_5V0
TIM2.Channel-PWM\ Generation3\ CH3=TIM_CHANNEL_3
RCC.I2c1ClockSelection=RCC_I2C1CLKSOURCE_SYSCLK
NVIC.NonMaskableInt_IRQn=true\:0\:0\:false\:false\:true\:false\:false
SH.S_TIM2_CH3.ConfNb=1
PA13.Mode=Serial_Wire
ProjectManager.FreePins=false
RCC.IPParameters=AHBFreq_Value,APB1Freq_Value,APB1TimFreq_Value,FCLKCortexFreq_Value,FamilyName,HCLKFreq_Value,I2C1Freq_Value,I2SFreq_Value,I2c1ClockSelection,MCOFreq_Value,PLLCLKFreq_Value,PLLMCOFreq_Value,PLLMUL,SYSCLKFreq_VALUE,SYSCLKSource,TimSysFreq_Value,USART1Freq_Value
ProjectManager.AskForMigrate=true
Mcu.Name=STM32F031K6Tx
Mcu.Pin26=VP_ADC_Vref_Input
Mcu.Pin27=VP_ADC_Vbat_Input
Mcu.Pin24=PB7
PA2.Signal=S_TIM2_CH3
ProjectManager.UnderRoot=false
Mcu.Pin25=VP_ADC_TempSens_Input
Mcu.IP8=USART1
Mcu.IP9=WWDG
VP_ADC_Vbat_Input.Mode=IN-Vbat
Mcu.Pin28=VP_IWDG_VS_IWDG
Mcu.IP6=SYS
Mcu.Pin29=VP_SYS_VS_tim1
Mcu.IP7=TIM2
ProjectManager.CoupleFile=false
PB4.Locked=true
PB3.Signal=GPXTI3
PA4.Signal=SPI1_NSS
RCC.SYSCLKFreq_VALUE=48000000
VP_ADC_Vbat_Input.Signal=ADC_Vbat_Input
PB5.Signal=GPIO_Output
Mcu.Pin22=PB5
Mcu.Pin23=PB6
RCC.TimSysFreq_Value=48000000
Mcu.Pin20=PB3
VP_ADC_TempSens_Input.Signal=ADC_TempSens_Input
Mcu.Pin21=PB4
PA12.Mode=CTS_RTS
NVIC.ForceEnableDMAVector=true
KeepUserPlacement=false
ProjectManager.CompilerOptimize=6
PA11.Signal=USART1_CTS
PB7.Mode=I2C
VP_IWDG_VS_IWDG.Signal=IWDG_VS_IWDG
PA14.Signal=SYS_SWCLK
ProjectManager.HeapSize=0x200
Mcu.Pin15=PA11
PA0.GPIOParameters=GPIO_Label
NVIC.HardFault_IRQn=true\:0\:0\:false\:false\:true\:false\:false
Mcu.Pin16=PA12
SH.S_TIM2_CH4.0=TIM2_CH4,PWM Generation4 CH4
Mcu.Pin13=PA9
Mcu.Pin14=PA10
VP_WWDG_VS_WWDG.Mode=WWDG_Activate
Mcu.Pin19=PA15
SH.GPXTI15.ConfNb=1
ProjectManager.ComputerToolchain=false
Mcu.Pin17=PA13
Mcu.Pin18=PA14
Mcu.Pin11=PB1
SH.GPXTI15.0=GPIO_EXTI15
Mcu.Pin12=PA8
Mcu.Pin10=PB0
PF0-OSC_IN.Signal=GPIO_Input
PF0-OSC_IN.GPIOParameters=GPIO_Label
RCC.APB1Freq_Value=48000000
PB0.Signal=GPIO_Input
NVIC.TIM1_BRK_UP_TRG_COM_IRQn=true\:0\:0\:false\:false\:true\:false\:true
ProjectManager.DeviceId=STM32F031K6Tx
ProjectManager.LibraryCopy=0
PA3.GPIO_Label=LED1
PB1.GPIOParameters=GPIO_Label
PA7.Signal=SPI1_MOSI
